{
  "lockfile_version": "1",
  "packages": {
    "go@1.22.3": {
      "last_modified": "2024-05-29T10:04:41Z",
      "resolved": "github:NixOS/nixpkgs/ac82a513e55582291805d6f09d35b6d8b60637a1#go",
      "source": "devbox-search",
      "version": "1.22.3",
      "systems": {
        "aarch64-darwin": {
          "outputs": [
            {
              "name": "out",
              "path": "/nix/store/i04a1a6qgxhjw6c0ld2b3x1v815sbxjc-go-1.22.3",
              "default": true
            }
          ],
          "store_path": "/nix/store/i04a1a6qgxhjw6c0ld2b3x1v815sbxjc-go-1.22.3"
        },
        "aarch64-linux": {
          "outputs": [
            {
              "name": "out",
              "path": "/nix/store/d68f2iblysnl0r4qcfdacmdpmvvy86kf-go-1.22.3",
              "default": true
            }
          ],
          "store_path": "/nix/store/d68f2iblysnl0r4qcfdacmdpmvvy86kf-go-1.22.3"
        },
        "x86_64-darwin": {
          "outputs": [
            {
              "name": "out",
              "path": "/nix/store/1p6vr83cgyfwm8517jhfmf6lypzhy3q2-go-1.22.3",
              "default": true
            }
          ],
          "store_path": "/nix/store/1p6vr83cgyfwm8517jhfmf6lypzhy3q2-go-1.22.3"
        },
        "x86_64-linux": {
          "outputs": [
            {
              "name": "out",
              "path": "/nix/store/00mg4vlhzmm7gi9bd5v5ydjlgrywpc3n-go-1.22.3",
              "default": true
            }
          ],
          "store_path": "/nix/store/00mg4vlhzmm7gi9bd5v5ydjlgrywpc3n-go-1.22.3"
        }
      }
    },
    "pkg-config@0.29.2": {
      "last_modified": "2024-05-22T06:18:38Z",
      "resolved": "github:NixOS/nixpkgs/3f316d2a50699a78afe5e77ca486ad553169061e#pkg-config",
      "source": "devbox-search",
      "version": "0.29.2",
      "systems": {
        "aarch64-darwin": {
          "outputs": [
            {
              "name": "out",
              "path": "/nix/store/b5hlaiv3vg8qgr3vhsw78cjh5s2zrph9-pkg-config-wrapper-0.29.2",
              "default": true
            },
            {
              "name": "man",
              "path": "/nix/store/a9s69nsf0di9md3qpjn9acj29fgv9xbp-pkg-config-wrapper-0.29.2-man",
              "default": true
            },
            {
              "name": "doc",
              "path": "/nix/store/9b7lg682crnvqc33b5asgy0y96kyjak3-pkg-config-wrapper-0.29.2-doc"
            }
          ],
          "store_path": "/nix/store/b5hlaiv3vg8qgr3vhsw78cjh5s2zrph9-pkg-config-wrapper-0.29.2"
        },
        "aarch64-linux": {
          "outputs": [
            {
              "name": "out",
              "path": "/nix/store/fcygv8mslxfn6d37p2kb3r6nc0hmjaq0-pkg-config-wrapper-0.29.2",
              "default": true
            },
            {
              "name": "man",
              "path": "/nix/store/wfqag2z0pzw8ll81vkw1dymklj8vw2hz-pkg-config-wrapper-0.29.2-man",
              "default": true
            },
            {
              "name": "doc",
              "path": "/nix/store/55g0gmd0l4746d03c25vjbr7javhls80-pkg-config-wrapper-0.29.2-doc"
            }
          ],
          "store_path": "/nix/store/fcygv8mslxfn6d37p2kb3r6nc0hmjaq0-pkg-config-wrapper-0.29.2"
        },
        "x86_64-darwin": {
          "outputs": [
            {
              "name": "out",
              "path": "/nix/store/sblqjb14ckz1xrzr4an26ff70dx9v8cl-pkg-config-wrapper-0.29.2",
              "default": true
            },
            {
              "name": "man",
              "path": "/nix/store/w4d8b6vayk2f40vkwb8w8ajg0v782bz5-pkg-config-wrapper-0.29.2-man",
              "default": true
            },
            {
              "name": "doc",
              "path": "/nix/store/m8gynrykzwvk7sqbkdzjnn7b27pw8kjj-pkg-config-wrapper-0.29.2-doc"
            }
          ],
          "store_path": "/nix/store/sblqjb14ckz1xrzr4an26ff70dx9v8cl-pkg-config-wrapper-0.29.2"
        },
        "x86_64-linux": {
          "outputs": [
            {
              "name": "out",
              "path": "/nix/store/zdvrzlvzbn9ymb0z8na50w995j8np16z-pkg-config-wrapper-0.29.2",
              "default": true
            },
            {
              "name": "man",
              "path": "/nix/store/dw5vcklk05sxpgc4axh72cfn5qribwnf-pkg-config-wrapper-0.29.2-man",
              "default": true
            },
            {
              "name": "doc",
              "path": "/nix/store/lr3hinjbsqmrvb50rna4qp16k54bfmad-pkg-config-wrapper-0.29.2-doc"
            }
          ],
          "store_path": "/nix/store/zdvrzlvzbn9ymb0z8na50w995j8np16z-pkg-config-wrapper-0.29.2"
        }
      }
    },
    "rrdtool@1.8.0": {
      "last_modified": "2024-05-22T06:18:38Z",
      "resolved": "github:NixOS/nixpkgs/3f316d2a50699a78afe5e77ca486ad553169061e#rrdtool",
      "source": "devbox-search",
      "version": "1.8.0",
      "systems": {
        "aarch64-darwin": {
          "outputs": [
            {
              "name": "out",
              "path": "/nix/store/xzh3ym0w8fxpz3yvmvlw195izlzs95kf-rrdtool-1.8.0",
              "default": true
            }
          ],
          "store_path": "/nix/store/xzh3ym0w8fxpz3yvmvlw195izlzs95kf-rrdtool-1.8.0"
        },
        "aarch64-linux": {
          "outputs": [
            {
              "name": "out",
              "path": "/nix/store/yz1brgvakr9z4yb850c5rhazd9s5vr7v-rrdtool-1.8.0",
              "default": true
            }
          ],
          "store_path": "/nix/store/yz1brgvakr9z4yb850c5rhazd9s5vr7v-rrdtool-1.8.0"
        },
        "x86_64-darwin": {
          "outputs": [
            {
              "name": "out",
              "path": "/nix/store/31w7ygk2pr08h0sacf0s6br1g7vcpylz-rrdtool-1.8.0",
              "default": true
            }
          ],
          "store_path": "/nix/store/31w7ygk2pr08h0sacf0s6br1g7vcpylz-rrdtool-1.8.0"
        },
        "x86_64-linux": {
          "outputs": [
            {
              "name": "out",
              "path": "/nix/store/z716y6z01bd7jdfhhy0dcrrf0w8f1glm-rrdtool-1.8.0",
              "default": true
            }
          ],
          "store_path": "/nix/store/z716y6z01bd7jdfhhy0dcrrf0w8f1glm-rrdtool-1.8.0"
        }
      }
    }
  }
}
